<?xml version="1.0" encoding="utf-8"?>
<Project ToolsVersion="4.0" xmlns="http://schemas.microsoft.com/developer/msbuild/2003">
  <ItemGroup>
    <ClCompile Include="code\TextureHolder.cpp">
      <Filter>cpp</Filter>
    </ClCompile>
    <ClCompile Include="code\TheLastPearl.cpp">
      <Filter>cpp\MAIN</Filter>
    </ClCompile>
    <ClCompile Include="code\Draw.cpp">
      <Filter>cpp\MAIN</Filter>
    </ClCompile>
    <ClCompile Include="code\Bullet.cpp">
      <Filter>cpp\Entities</Filter>
    </ClCompile>
    <ClCompile Include="code\BuccaneerEnemy.cpp">
      <Filter>cpp\Entities</Filter>
    </ClCompile>
    <ClCompile Include="code\CannonTower.cpp">
      <Filter>cpp\Entities</Filter>
    </ClCompile>
    <ClCompile Include="code\CaptainEnemy.cpp">
      <Filter>cpp\Entities</Filter>
    </ClCompile>
    <ClCompile Include="code\Enemy.cpp">
      <Filter>cpp\Entities</Filter>
    </ClCompile>
    <ClCompile Include="code\Inputs.cpp">
      <Filter>cpp\MAIN</Filter>
    </ClCompile>
    <ClCompile Include="code\PirateEnemy.cpp">
      <Filter>cpp\Entities</Filter>
    </ClCompile>
    <ClCompile Include="code\Player.cpp">
      <Filter>cpp\Entities</Filter>
    </ClCompile>
    <ClCompile Include="code\Projectile.cpp">
      <Filter>cpp\Entities</Filter>
    </ClCompile>
    <ClCompile Include="code\Tower.cpp">
      <Filter>cpp\Entities</Filter>
    </ClCompile>
    <ClCompile Include="code\Wave.cpp">
      <Filter>cpp\Entities</Filter>
    </ClCompile>
    <ClCompile Include="code\Paths.cpp">
      <Filter>cpp\Entities</Filter>
    </ClCompile>
    <ClCompile Include="code\LevelManager.cpp">
      <Filter>cpp\Manager</Filter>
    </ClCompile>
    <ClCompile Include="code\CreateTower.cpp">
      <Filter>cpp\Manager</Filter>
    </ClCompile>
    <ClCompile Include="code\DetectCollisions.cpp">
      <Filter>cpp\Manager</Filter>
    </ClCompile>
    <ClCompile Include="code\MusketTower.cpp">
      <Filter>cpp\Entities</Filter>
    </ClCompile>
    <ClCompile Include="code\ProjectileHolder.cpp">
      <Filter>cpp\Manager</Filter>
    </ClCompile>
    <ClCompile Include="code\Hud.cpp">
      <Filter>cpp\Manager</Filter>
    </ClCompile>
    <ClCompile Include="code\MainMenu.cpp">
      <Filter>cpp\MAIN</Filter>
    </ClCompile>
    <ClCompile Include="code\Update.cpp">
      <Filter>cpp\MAIN</Filter>
    </ClCompile>
    <ClCompile Include="code\TowerManager.cpp">
      <Filter>cpp\Manager</Filter>
    </ClCompile>
  </ItemGroup>
  <ItemGroup>
    <ClInclude Include="code\TheLastPearl.h">
      <Filter>header\Main</Filter>
    </ClInclude>
    <ClInclude Include="code\BuccaneerEnemy.h">
      <Filter>header\Entities</Filter>
    </ClInclude>
    <ClInclude Include="code\Bullet.h">
      <Filter>header\Entities</Filter>
    </ClInclude>
    <ClInclude Include="code\CannonTower.h">
      <Filter>header\Entities</Filter>
    </ClInclude>
    <ClInclude Include="code\CaptainEnemy.h">
      <Filter>header\Entities</Filter>
    </ClInclude>
    <ClInclude Include="code\Enemy.h">
      <Filter>header\Entities</Filter>
    </ClInclude>
    <ClInclude Include="code\MusketTower.h">
      <Filter>header\Entities</Filter>
    </ClInclude>
    <ClInclude Include="code\Paths.h">
      <Filter>header\Entities</Filter>
    </ClInclude>
    <ClInclude Include="code\Projectile.h">
      <Filter>header\Entities</Filter>
    </ClInclude>
    <ClInclude Include="code\Player.h">
      <Filter>header\Entities</Filter>
    </ClInclude>
    <ClInclude Include="code\Tower.h">
      <Filter>header\Entities</Filter>
    </ClInclude>
    <ClInclude Include="code\Wave.h">
      <Filter>header\Entities</Filter>
    </ClInclude>
    <ClInclude Include="code\PirateEnemy.h">
      <Filter>header\Entities</Filter>
    </ClInclude>
    <ClInclude Include="code\Hud.h">
      <Filter>header\Manager</Filter>
    </ClInclude>
    <ClInclude Include="code\LevelManager.h">
      <Filter>header\Manager</Filter>
    </ClInclude>
    <ClInclude Include="code\ProjectileHolder.h">
      <Filter>header\Manager</Filter>
    </ClInclude>
    <ClInclude Include="code\TextureHolder.h">
      <Filter>header\Manager</Filter>
    </ClInclude>
    <ClInclude Include="code\TowerManager.h">
      <Filter>header\Manager</Filter>
    </ClInclude>
  </ItemGroup>
  <ItemGroup>
    <Filter Include="cpp">
      <UniqueIdentifier>{caf0e777-6a81-4f14-bb05-c94619d88328}</UniqueIdentifier>
    </Filter>
    <Filter Include="header">
      <UniqueIdentifier>{a6f8d1ce-eaf0-418c-873c-be7fae792e46}</UniqueIdentifier>
    </Filter>
    <Filter Include="cpp\MAIN">
      <UniqueIdentifier>{93dd6d7f-b0cb-49c4-a4b4-fd382f80492f}</UniqueIdentifier>
    </Filter>
    <Filter Include="cpp\Entities">
      <UniqueIdentifier>{50b0c079-1a76-4d21-baaa-12ba0be2dace}</UniqueIdentifier>
    </Filter>
    <Filter Include="cpp\Manager">
      <UniqueIdentifier>{039a825b-bce8-462d-b97f-abc2f11d8c26}</UniqueIdentifier>
    </Filter>
    <Filter Include="header\Main">
      <UniqueIdentifier>{61733909-696c-4194-b764-82a01563e6b0}</UniqueIdentifier>
    </Filter>
    <Filter Include="header\Entities">
      <UniqueIdentifier>{42af3a5c-b2dc-4504-baf2-a329ca0b7e9d}</UniqueIdentifier>
    </Filter>
    <Filter Include="header\Manager">
      <UniqueIdentifier>{f8e3b79e-8aab-45e0-ac95-9329a0d6497c}</UniqueIdentifier>
    </Filter>
  </ItemGroup>
</Project>